
Microsoft Visual Studio Solution File, Format Version 12.00
# Visual Studio Version 17
VisualStudioVersion = 17.10.35013.160
MinimumVisualStudioVersion = 10.0.40219.1
Project("{FAE04EC0-301F-11D3-BF4B-00C04F79EFBC}") = "MagicVilla_API", "MagicVilla_API\MagicVilla_API.csproj", "{EDB1852E-18F3-40FC-B5D5-C3CBF8CE58C1}"
EndProject
Global
	GlobalSection(SolutionConfigurationPlatforms) = preSolution
		Debug|Any CPU = Debug|Any CPU
		Release|Any CPU = Release|Any CPU
	EndGlobalSection
	GlobalSection(ProjectConfigurationPlatforms) = postSolution
		{EDB1852E-18F3-40FC-B5D5-C3CBF8CE58C1}.Debug|Any CPU.ActiveCfg = Debug|Any CPU
		{EDB1852E-18F3-40FC-B5D5-C3CBF8CE58C1}.Debug|Any CPU.Build.0 = Debug|Any CPU
		{EDB1852E-18F3-40FC-B5D5-C3CBF8CE58C1}.Release|Any CPU.ActiveCfg = Release|Any CPU
		{EDB1852E-18F3-40FC-B5D5-C3CBF8CE58C1}.Release|Any CPU.Build.0 = Release|Any CPU
	EndGlobalSection
	GlobalSection(SolutionProperties) = preSolution
		HideSolutionNode = FALSE
	EndGlobalSection
	GlobalSection(ExtensibilityGlobals) = postSolution
		SolutionGuid = {0E293A87-150A-4E05-BA61-F89538813744}
	EndGlobalSection
EndGlobal
